// !$*UTF8*$!
{
	archiveVersion = 1;
	classes = {
	};
	objectVersion = 46;
	objects = {

/* Begin PBXBuildFile section */
		26F6E99C1CF16E5200961D57 /* main.m in Sources */ = {isa = PBXBuildFile; fileRef = 26F6E99B1CF16E5200961D57 /* main.m */; };
		26F6E99F1CF16E5200961D57 /* AppDelegate.m in Sources */ = {isa = PBXBuildFile; fileRef = 26F6E99E1CF16E5200961D57 /* AppDelegate.m */; };
		26F6E9A51CF16E5200961D57 /* Main.storyboard in Resources */ = {isa = PBXBuildFile; fileRef = 26F6E9A31CF16E5200961D57 /* Main.storyboard */; };
		26F6E9A71CF16E5200961D57 /* Assets.xcassets in Resources */ = {isa = PBXBuildFile; fileRef = 26F6E9A61CF16E5200961D57 /* Assets.xcassets */; };
		26F6E9AA1CF16E5200961D57 /* LaunchScreen.storyboard in Resources */ = {isa = PBXBuildFile; fileRef = 26F6E9A81CF16E5200961D57 /* LaunchScreen.storyboard */; };
		26F6E9B51CF16E5200961D57 /* HypnoNerdTests.m in Sources */ = {isa = PBXBuildFile; fileRef = 26F6E9B41CF16E5200961D57 /* HypnoNerdTests.m */; };
		26F6E9C11CF16E7800961D57 /* BNRHypnosisView.m in Sources */ = {isa = PBXBuildFile; fileRef = 26F6E9C01CF16E7800961D57 /* BNRHypnosisView.m */; };
		26F6E9C41CF16F7E00961D57 /* BNRHypnosisViewController.m in Sources */ = {isa = PBXBuildFile; fileRef = 26F6E9C31CF16F7E00961D57 /* BNRHypnosisViewController.m */; };
/* End PBXBuildFile section */

/* Begin PBXContainerItemProxy section */
		26F6E9B11CF16E5200961D57 /* PBXContainerItemProxy */ = {
			isa = PBXContainerItemProxy;
			containerPortal = 26F6E98F1CF16E5200961D57 /* Project object */;
			proxyType = 1;
			remoteGlobalIDString = 26F6E9961CF16E5200961D57;
			remoteInfo = HypnoNerd;
		};
/* End PBXContainerItemProxy section */

/* Begin PBXFileReference section */
		26F6E9971CF16E5200961D57 /* HypnoNerd.app */ = {isa = PBXFileReference; explicitFileType = wrapper.application; includeInIndex = 0; path = HypnoNerd.app; sourceTree = BUILT_PRODUCTS_DIR; };
		26F6E99B1CF16E5200961D57 /* main.m */ = {isa = PBXFileReference; lastKnownFileType = sourcecode.c.objc; path = main.m; sourceTree = "<group>"; };
		26F6E99D1CF16E5200961D57 /* AppDelegate.h */ = {isa = PBXFileReference; lastKnownFileType = sourcecode.c.h; path = AppDelegate.h; sourceTree = "<group>"; };
		26F6E99E1CF16E5200961D57 /* AppDelegate.m */ = {isa = PBXFileReference; lastKnownFileType = sourcecode.c.objc; path = AppDelegate.m; sourceTree = "<group>"; };
		26F6E9A41CF16E5200961D57 /* Base */ = {isa = PBXFileReference; lastKnownFileType = file.storyboard; name = Base; path = Base.lproj/Main.storyboard; sourceTree = "<group>"; };
		26F6E9A61CF16E5200961D57 /* Assets.xcassets */ = {isa = PBXFileReference; lastKnownFileType = folder.assetcatalog; path = Assets.xcassets; sourceTree = "<group>"; };
		26F6E9A91CF16E5200961D57 /* Base */ = {isa = PBXFileReference; lastKnownFileType = file.storyboard; name = Base; path = Base.lproj/LaunchScreen.storyboard; sourceTree = "<group>"; };
		26F6E9AB1CF16E5200961D57 /* Info.plist */ = {isa = PBXFileReference; lastKnownFileType = text.plist.xml; path = Info.plist; sourceTree = "<group>"; };
		26F6E9B01CF16E5200961D57 /* HypnoNerdTests.xctest */ = {isa = PBXFileReference; explicitFileType = wrapper.cfbundle; includeInIndex = 0; path = HypnoNerdTests.xctest; sourceTree = BUILT_PRODUCTS_DIR; };
		26F6E9B41CF16E5200961D57 /* HypnoNerdTests.m */ = {isa = PBXFileReference; lastKnownFileType = sourcecode.c.objc; path = HypnoNerdTests.m; sourceTree = "<group>"; };
		26F6E9B61CF16E5200961D57 /* Info.plist */ = {isa = PBXFileReference; lastKnownFileType = text.plist.xml; path = Info.plist; sourceTree = "<group>"; };
		26F6E9BF1CF16E7800961D57 /* BNRHypnosisView.h */ = {isa = PBXFileReference; fileEncoding = 4; lastKnownFileType = sourcecode.c.h; path = BNRHypnosisView.h; sourceTree = "<group>"; };
		26F6E9C01CF16E7800961D57 /* BNRHypnosisView.m */ = {isa = PBXFileReference; fileEncoding = 4; lastKnownFileType = sourcecode.c.objc; path = BNRHypnosisView.m; sourceTree = "<group>"; };
		26F6E9C21CF16F7E00961D57 /* BNRHypnosisViewController.h */ = {isa = PBXFileReference; fileEncoding = 4; lastKnownFileType = sourcecode.c.h; path = BNRHypnosisViewController.h; sourceTree = "<group>"; };
		26F6E9C31CF16F7E00961D57 /* BNRHypnosisViewController.m */ = {isa = PBXFileReference; fileEncoding = 4; lastKnownFileType = sourcecode.c.objc; path = BNRHypnosisViewController.m; sourceTree = "<group>"; };
/* End PBXFileReference section */

/* Begin PBXFrameworksBuildPhase section */
		26F6E9941CF16E5200961D57 /* Frameworks */ = {
			isa = PBXFrameworksBuildPhase;
			buildActionMask = 2147483647;
			files = (
			);
			runOnlyForDeploymentPostprocessing = 0;
		};
		26F6E9AD1CF16E5200961D57 /* Frameworks */ = {
			isa = PBXFrameworksBuildPhase;
			buildActionMask = 2147483647;
			files = (
			);
			runOnlyForDeploymentPostprocessing = 0;
		};
/* End PBXFrameworksBuildPhase section */

/* Begin PBXGroup section */
		26F6E98E1CF16E5200961D57 = {
			isa = PBXGroup;
			children = (
				26F6E9991CF16E5200961D57 /* HypnoNerd */,
				26F6E9B31CF16E5200961D57 /* HypnoNerdTests */,
				26F6E9981CF16E5200961D57 /* Products */,
			);
			sourceTree = "<group>";
		};
		26F6E9981CF16E5200961D57 /* Products */ = {
			isa = PBXGroup;
			children = (
				26F6E9971CF16E5200961D57 /* HypnoNerd.app */,
				26F6E9B01CF16E5200961D57 /* HypnoNerdTests.xctest */,
			);
			name = Products;
			sourceTree = "<group>";
		};
		26F6E9991CF16E5200961D57 /* HypnoNerd */ = {
			isa = PBXGroup;
			children = (
				26F6E9C21CF16F7E00961D57 /* BNRHypnosisViewController.h */,
				26F6E9C31CF16F7E00961D57 /* BNRHypnosisViewController.m */,
				26F6E9BF1CF16E7800961D57 /* BNRHypnosisView.h */,
				26F6E9C01CF16E7800961D57 /* BNRHypnosisView.m */,
				26F6E99D1CF16E5200961D57 /* AppDelegate.h */,
				26F6E99E1CF16E5200961D57 /* AppDelegate.m */,
				26F6E9A31CF16E5200961D57 /* Main.storyboard */,
				26F6E9A61CF16E5200961D57 /* Assets.xcassets */,
				26F6E9A81CF16E5200961D57 /* LaunchScreen.storyboard */,
				26F6E9AB1CF16E5200961D57 /* Info.plist */,
				26F6E99A1CF16E5200961D57 /* Supporting Files */,
			);
			path = HypnoNerd;
			sourceTree = "<group>";
		};
		26F6E99A1CF16E5200961D57 /* Supporting Files */ = {
			isa = PBXGroup;
			children = (
				26F6E99B1CF16E5200961D57 /* main.m */,
			);
			name = "Supporting Files";
			sourceTree = "<group>";
		};
		26F6E9B31CF16E5200961D57 /* HypnoNerdTests */ = {
			isa = PBXGroup;
			children = (
				26F6E9B41CF16E5200961D57 /* HypnoNerdTests.m */,
				26F6E9B61CF16E5200961D57 /* Info.plist */,
			);
			path = HypnoNerdTests;
			sourceTree = "<group>";
		};
/* End PBXGroup section */

/* Begin PBXNativeTarget section */
		26F6E9961CF16E5200961D57 /* HypnoNerd */ = {
			isa = PBXNativeTarget;
			buildConfigurationList = 26F6E9B91CF16E5200961D57 /* Build configuration list for PBXNativeTarget "HypnoNerd" */;
			buildPhases = (
				26F6E9931CF16E5200961D57 /* Sources */,
				26F6E9941CF16E5200961D57 /* Frameworks */,
				26F6E9951CF16E5200961D57 /* Resources */,
			);
			buildRules = (
			);
			dependencies = (
			);
			name = HypnoNerd;
			productName = HypnoNerd;
			productReference = 26F6E9971CF16E5200961D57 /* HypnoNerd.app */;
			productType = "com.apple.product-type.application";
		};
		26F6E9AF1CF16E5200961D57 /* HypnoNerdTests */ = {
			isa = PBXNativeTarget;
			buildConfigurationList = 26F6E9BC1CF16E5200961D57 /* Build configuration list for PBXNativeTarget "HypnoNerdTests" */;
			buildPhases = (
				26F6E9AC1CF16E5200961D57 /* Sources */,
				26F6E9AD1CF16E5200961D57 /* Frameworks */,
				26F6E9AE1CF16E5200961D57 /* Resources */,
			);
			buildRules = (
			);
			dependencies = (
				26F6E9B21CF16E5200961D57 /* PBXTargetDependency */,
			);
			name = HypnoNerdTests;
			productName = HypnoNerdTests;
			productReference = 26F6E9B01CF16E5200961D57 /* HypnoNerdTests.xctest */;
			productType = "com.apple.product-type.bundle.unit-test";
		};
/* End PBXNativeTarget section */

/* Begin PBXProject section */
		26F6E98F1CF16E5200961D57 /* Project object */ = {
			isa = PBXProject;
			attributes = {
				LastUpgradeCheck = 0730;
				ORGANIZATIONNAME = "Steven Liu";
				TargetAttributes = {
					26F6E9961CF16E5200961D57 = {
						CreatedOnToolsVersion = 7.3.1;
					};
					26F6E9AF1CF16E5200961D57 = {
						CreatedOnToolsVersion = 7.3.1;
						TestTargetID = 26F6E9961CF16E5200961D57;
					};
				};
			};
			buildConfigurationList = 26F6E9921CF16E5200961D57 /* Build configuration list for PBXProject "HypnoNerd" */;
			compatibilityVersion = "Xcode 3.2";
			developmentRegion = English;
			hasScannedForEncodings = 0;
			knownRegions = (
				en,
				Base,
			);
			mainGroup = 26F6E98E1CF16E5200961D57;
			productRefGroup = 26F6E9981CF16E5200961D57 /* Products */;
			projectDirPath = "";
			projectRoot = "";
			targets = (
				26F6E9961CF16E5200961D57 /* HypnoNerd */,
				26F6E9AF1CF16E5200961D57 /* HypnoNerdTests */,
			);
		};
/* End PBXProject section */

/* Begin PBXResourcesBuildPhase section */
		26F6E9951CF16E5200961D57 /* Resources */ = {
			isa = PBXResourcesBuildPhase;
			buildActionMask = 2147483647;
			files = (
				26F6E9AA1CF16E5200961D57 /* LaunchScreen.storyboard in Resources */,
				26F6E9A71CF16E5200961D57 /* Assets.xcassets in Resources */,
				26F6E9A51CF16E5200961D57 /* Main.storyboard in Resources */,
			);
			runOnlyForDeploymentPostprocessing = 0;
		};
		26F6E9AE1CF16E5200961D57 /* Resources */ = {
			isa = PBXResourcesBuildPhase;
			buildActionMask = 2147483647;
			files = (
			);
			runOnlyForDeploymentPostprocessing = 0;
		};
/* End PBXResourcesBuildPhase section */

/* Begin PBXSourcesBuildPhase section */
		26F6E9931CF16E5200961D57 /* Sources */ = {
			isa = PBXSourcesBuildPhase;
			buildActionMask = 2147483647;
			files = (
				26F6E9C41CF16F7E00961D57 /* BNRHypnosisViewController.m in Sources */,
				26F6E99F1CF16E5200961D57 /* AppDelegate.m in Sources */,
				26F6E9C11CF16E7800961D57 /* BNRHypnosisView.m in Sources */,
				26F6E99C1CF16E5200961D57 /* main.m in Sources */,
			);
			runOnlyForDeploymentPostprocessing = 0;
		};
		26F6E9AC1CF16E5200961D57 /* Sources */ = {
			isa = PBXSourcesBuildPhase;
			buildActionMask = 2147483647;
			files = (
				26F6E9B51CF16E5200961D57 /* HypnoNerdTests.m in Sources */,
			);
			runOnlyForDeploymentPostprocessing = 0;
		};
/* End PBXSourcesBuildPhase section */

/* Begin PBXTargetDependency section */
		26F6E9B21CF16E5200961D57 /* PBXTargetDependency */ = {
			isa = PBXTargetDependency;
			target = 26F6E9961CF16E5200961D57 /* HypnoNerd */;
			targetProxy = 26F6E9B11CF16E5200961D57 /* PBXContainerItemProxy */;
		};
/* End PBXTargetDependency section */

/* Begin PBXVariantGroup section */
		26F6E9A31CF16E5200961D57 /* Main.storyboard */ = {
			isa = PBXVariantGroup;
			children = (
				26F6E9A41CF16E5200961D57 /* Base */,
			);
			name = Main.storyboard;
			sourceTree = "<group>";
		};
		26F6E9A81CF16E5200961D57 /* LaunchScreen.storyboard */ = {
			isa = PBXVariantGroup;
			children = (
				26F6E9A91CF16E5200961D57 /* Base */,
			);
			name = LaunchScreen.storyboard;
			sourceTree = "<group>";
		};
/* End PBXVariantGroup section */

/* Begin XCBuildConfiguration section */
		26F6E9B71CF16E5200961D57 /* Debug */ = {
			isa = XCBuildConfiguration;
			buildSettings = {
				ALWAYS_SEARCH_USER_PATHS = NO;
				CLANG_ANALYZER_NONNULL = YES;
				CLANG_CXX_LANGUAGE_STANDARD = "gnu++0x";
				CLANG_CXX_LIBRARY = "libc++";
				CLANG_ENABLE_MODULES = YES;
				CLANG_ENABLE_OBJC_ARC = YES;
				CLANG_WARN_BOOL_CONVERSION = YES;
				CLANG_WARN_CONSTANT_CONVERSION = YES;
				CLANG_WARN_DIRECT_OBJC_ISA_USAGE = YES_ERROR;
				CLANG_WARN_EMPTY_BODY = YES;
				CLANG_WARN_ENUM_CONVERSION = YES;
				CLANG_WARN_INT_CONVERSION = YES;
				CLANG_WARN_OBJC_ROOT_CLASS = YES_ERROR;
				CLANG_WARN_UNREACHABLE_CODE = YES;
				CLANG_WARN__DUPLICATE_METHOD_MATCH = YES;
				"CODE_SIGN_IDENTITY[sdk=iphoneos*]" = "iPhone Developer";
				COPY_PHASE_STRIP = NO;
				DEBUG_INFORMATION_FORMAT = dwarf;
				ENABLE_STRICT_OBJC_MSGSEND = YES;
				ENABLE_TESTABILITY = YES;
				GCC_C_LANGUAGE_STANDARD = gnu99;
				GCC_DYNAMIC_NO_PIC = NO;
				GCC_NO_COMMON_BLOCKS = YES;
				GCC_OPTIMIZATION_LEVEL = 0;
				GCC_PREPROCESSOR_DEFINITIONS = (
					"DEBUG=1",
					"$(inherited)",
				);
				GCC_WARN_64_TO_32_BIT_CONVERSION = YES;
				GCC_WARN_ABOUT_RETURN_TYPE = YES_ERROR;
				GCC_WARN_UNDECLARED_SELECTOR = YES;
				GCC_WARN_UNINITIALIZED_AUTOS = YES_AGGRESSIVE;
				GCC_WARN_UNUSED_FUNCTION = YES;
				GCC_WARN_UNUSED_VARIABLE = YES;
				IPHONEOS_DEPLOYMENT_TARGET = 9.3;
				MTL_ENABLE_DEBUG_INFO = YES;
				ONLY_ACTIVE_ARCH = YES;
				SDKROOT = iphoneos;
				TARGETED_DEVICE_FAMILY = "1,2";
			};
			name = Debug;
		};
		26F6E9B81CF16E5200961D57 /* Release */ = {
			isa = XCBuildConfiguration;
			buildSettings = {
				ALWAYS_SEARCH_USER_PATHS = NO;
				CLANG_ANALYZER_NONNULL = YES;
				CLANG_CXX_LANGUAGE_STANDARD = "gnu++0x";
				CLANG_CXX_LIBRARY = "libc++";
				CLANG_ENABLE_MODULES = YES;
				CLANG_ENABLE_OBJC_ARC = YES;
				CLANG_WARN_BOOL_CONVERSION = YES;
				CLANG_WARN_CONSTANT_CONVERSION = YES;
				CLANG_WARN_DIRECT_OBJC_ISA_USAGE = YES_ERROR;
				CLANG_WARN_EMPTY_BODY = YES;
				CLANG_WARN_ENUM_CONVERSION = YES;
				CLANG_WARN_INT_CONVERSION = YES;
				CLANG_WARN_OBJC_ROOT_CLASS = YES_ERROR;
				CLANG_WARN_UNREACHABLE_CODE = YES;
				CLANG_WARN__DUPLICATE_METHOD_MATCH = YES;
				"CODE_SIGN_IDENTITY[sdk=iphoneos*]" = "iPhone Developer";
				COPY_PHASE_STRIP = NO;
				DEBUG_INFORMATION_FORMAT = "dwarf-with-dsym";
				ENABLE_NS_ASSERTIONS = NO;
				ENABLE_STRICT_OBJC_MSGSEND = YES;
				GCC_C_LANGUAGE_STANDARD = gnu99;
				GCC_NO_COMMON_BLOCKS = YES;
				GCC_WARN_64_TO_32_BIT_CONVERSION = YES;
				GCC_WARN_ABOUT_RETURN_TYPE = YES_ERROR;
				GCC_WARN_UNDECLARED_SELECTOR = YES;
				GCC_WARN_UNINITIALIZED_AUTOS = YES_AGGRESSIVE;
				GCC_WARN_UNUSED_FUNCTION = YES;
				GCC_WARN_UNUSED_VARIABLE = YES;
				IPHONEOS_DEPLOYMENT_TARGET = 9.3;
				MTL_ENABLE_DEBUG_INFO = NO;
				SDKROOT = iphoneos;
				TARGETED_DEVICE_FAMILY = "1,2";
				VALIDATE_PRODUCT = YES;
			};
			name = Release;
		};
		26F6E9BA1CF16E5200961D57 /* Debug */ = {
			isa = XCBuildConfiguration;
			buildSettings = {
				ASSETCATALOG_COMPILER_APPICON_NAME = AppIcon;
				INFOPLIST_FILE = HypnoNerd/Info.plist;
				LD_RUNPATH_SEARCH_PATHS = "$(inherited) @executable_path/Frameworks";
				PRODUCT_BUNDLE_IDENTIFIER = com.example.HypnoNerd;
				PRODUCT_NAME = "$(TARGET_NAME)";
			};
			name = Debug;
		};
		26F6E9BB1CF16E5200961D57 /* Release */ = {
			isa = XCBuildConfiguration;
			buildSettings = {
				ASSETCATALOG_COMPILER_APPICON_NAME = AppIcon;
				INFOPLIST_FILE = HypnoNerd/Info.plist;
				LD_RUNPATH_SEARCH_PATHS = "$(inherited) @executable_path/Frameworks";
				PRODUCT_BUNDLE_IDENTIFIER = com.example.HypnoNerd;
				PRODUCT_NAME = "$(TARGET_NAME)";
			};
			name = Release;
		};
		26F6E9BD1CF16E5200961D57 /* Debug */ = {
			isa = XCBuildConfiguration;
			buildSettings = {
				BUNDLE_LOADER = "$(TEST_HOST)";
				INFOPLIST_FILE = HypnoNerdTests/Info.plist;
				LD_RUNPATH_SEARCH_PATHS = "$(inherited) @executable_path/Frameworks @loader_path/Frameworks";
				PRODUCT_BUNDLE_IDENTIFIER = com.example.HypnoNerdTests;
				PRODUCT_NAME = "$(TARGET_NAME)";
				TEST_HOST = "$(BUILT_PRODUCTS_DIR)/HypnoNerd.app/HypnoNerd";
			};
			name = Debug;
		};
		26F6E9BE1CF16E5200961D57 /* Release */ = {
			isa = XCBuildConfiguration;
			buildSettings = {
				BUNDLE_LOADER = "$(TEST_HOST)";
				INFOPLIST_FILE = HypnoNerdTests/Info.plist;
				LD_RUNPATH_SEARCH_PATHS = "$(inherited) @executable_path/Frameworks @loader_path/Frameworks";
				PRODUCT_BUNDLE_IDENTIFIER = com.example.HypnoNerdTests;
				PRODUCT_NAME = "$(TARGET_NAME)";
				TEST_HOST = "$(BUILT_PRODUCTS_DIR)/HypnoNerd.app/HypnoNerd";
			};
			name = Release;
		};
/* End XCBuildConfiguration section */

/* Begin XCConfigurationList section */
		26F6E9921CF16E5200961D57 /* Build configuration list for PBXProject "HypnoNerd" */ = {
			isa = XCConfigurationList;
			buildConfigurations = (
				26F6E9B71CF16E5200961D57 /* Debug */,
				26F6E9B81CF16E5200961D57 /* Release */,
			);
			defaultConfigurationIsVisible = 0;
			defaultConfigurationName = Release;
		};
		26F6E9B91CF16E5200961D57 /* Build configuration list for PBXNativeTarget "HypnoNerd" */ = {
			isa = XCConfigurationList;
			buildConfigurations = (
				26F6E9BA1CF16E5200961D57 /* Debug */,
				26F6E9BB1CF16E5200961D57 /* Release */,
			);
			defaultConfigurationIsVisible = 0;
		};
		26F6E9BC1CF16E5200961D57 /* Build configuration list for PBXNativeTarget "HypnoNerdTests" */ = {
			isa = XCConfigurationList;
			buildConfigurations = (
				26F6E9BD1CF16E5200961D57 /* Debug */,
				26F6E9BE1CF16E5200961D57 /* Release */,
			);
			defaultConfigurationIsVisible = 0;
		};
/* End XCConfigurationList section */
	};
	rootObject = 26F6E98F1CF16E5200961D57 /* Project object */;
}
